
Microsoft Visual Studio Solution File, Format Version 12.00
# Visual Studio Version 16
VisualStudioVersion = 16.0.28803.202
MinimumVisualStudioVersion = 15.0.26124.0
Project("{9A19103F-16F7-4668-BE54-9A1E7A4F7556}") = "ChildProcess", "src\ChildProcess\ChildProcess.csproj", "{B0701ACF-C9E0-4835-8787-925D0A6EFB36}"
EndProject
Project("{9A19103F-16F7-4668-BE54-9A1E7A4F7556}") = "ChildProcess.Example", "src\ChildProcess.Example\ChildProcess.Example.csproj", "{0070EB5F-91AC-41AA-972A-8C2075D329CE}"
EndProject
Project("{9A19103F-16F7-4668-BE54-9A1E7A4F7556}") = "ChildProcess.Test", "src\ChildProcess.Test\ChildProcess.Test.csproj", "{901BCC9B-101A-41C4-9944-53EC7AD71B4E}"
EndProject
Project("{9A19103F-16F7-4668-BE54-9A1E7A4F7556}") = "TestChild", "src\TestChild\TestChild.csproj", "{F4613733-FC19-47E0-98CF-FAFE4FA7543C}"
EndProject
Global
	GlobalSection(SolutionConfigurationPlatforms) = preSolution
		Debug|AnyCPU = Debug|AnyCPU
		Release|AnyCPU = Release|AnyCPU
	EndGlobalSection
	GlobalSection(ProjectConfigurationPlatforms) = postSolution
		{B0701ACF-C9E0-4835-8787-925D0A6EFB36}.Debug|AnyCPU.ActiveCfg = Debug|Any CPU
		{B0701ACF-C9E0-4835-8787-925D0A6EFB36}.Debug|AnyCPU.Build.0 = Debug|Any CPU
		{B0701ACF-C9E0-4835-8787-925D0A6EFB36}.Release|AnyCPU.ActiveCfg = Release|Any CPU
		{B0701ACF-C9E0-4835-8787-925D0A6EFB36}.Release|AnyCPU.Build.0 = Release|Any CPU
		{0070EB5F-91AC-41AA-972A-8C2075D329CE}.Debug|AnyCPU.ActiveCfg = Debug|Any CPU
		{0070EB5F-91AC-41AA-972A-8C2075D329CE}.Debug|AnyCPU.Build.0 = Debug|Any CPU
		{0070EB5F-91AC-41AA-972A-8C2075D329CE}.Release|AnyCPU.ActiveCfg = Release|Any CPU
		{0070EB5F-91AC-41AA-972A-8C2075D329CE}.Release|AnyCPU.Build.0 = Release|Any CPU
		{901BCC9B-101A-41C4-9944-53EC7AD71B4E}.Debug|AnyCPU.ActiveCfg = Debug|Any CPU
		{901BCC9B-101A-41C4-9944-53EC7AD71B4E}.Debug|AnyCPU.Build.0 = Debug|Any CPU
		{901BCC9B-101A-41C4-9944-53EC7AD71B4E}.Release|AnyCPU.ActiveCfg = Release|Any CPU
		{901BCC9B-101A-41C4-9944-53EC7AD71B4E}.Release|AnyCPU.Build.0 = Release|Any CPU
		{F4613733-FC19-47E0-98CF-FAFE4FA7543C}.Debug|AnyCPU.ActiveCfg = Debug|Any CPU
		{F4613733-FC19-47E0-98CF-FAFE4FA7543C}.Debug|AnyCPU.Build.0 = Debug|Any CPU
		{F4613733-FC19-47E0-98CF-FAFE4FA7543C}.Release|AnyCPU.ActiveCfg = Release|Any CPU
		{F4613733-FC19-47E0-98CF-FAFE4FA7543C}.Release|AnyCPU.Build.0 = Release|Any CPU
	EndGlobalSection
	GlobalSection(SolutionProperties) = preSolution
		HideSolutionNode = FALSE
	EndGlobalSection
	GlobalSection(ExtensibilityGlobals) = postSolution
		SolutionGuid = {99E69FAD-659F-43A5-9F6F-AB5050052F4E}
	EndGlobalSection
EndGlobal
